
Microsoft Visual Studio Solution File, Format Version 11.00
# Visual Studio 2010
Project("{FAE04EC0-301F-11D3-BF4B-00C04F79EFBC}") = "Unity.Model", "Unity.Model.csproj", "{9498bfb4-d9f5-c441-13e3-3f26f7700e29}"
EndProject
Project("{FAE04EC0-301F-11D3-BF4B-00C04F79EFBC}") = "Unity.ThirdParty", "Unity.ThirdParty.csproj", "{d2ad5be1-263a-9a30-ab0f-dc5b08044350}"
EndProject
Project("{FAE04EC0-301F-11D3-BF4B-00C04F79EFBC}") = "Assembly-CSharp-firstpass", "Assembly-CSharp-firstpass.csproj", "{09b46226-3263-561e-d797-c9025c53bdd6}"
EndProject
Project("{FAE04EC0-301F-11D3-BF4B-00C04F79EFBC}") = "Unity.Hotfix", "Unity.Hotfix.csproj", "{52f66610-896a-c4d1-9881-1a19df7ab80e}"
EndProject
Project("{FAE04EC0-301F-11D3-BF4B-00C04F79EFBC}") = "Animancer", "Animancer.csproj", "{159e65f6-d363-1a6d-ec57-6db30da1b98f}"
EndProject
Project("{FAE04EC0-301F-11D3-BF4B-00C04F79EFBC}") = "XAsset.Runtime", "XAsset.Runtime.csproj", "{fb79c1d2-40c3-f61e-3d5c-f52409c3a8b0}"
EndProject
Project("{FAE04EC0-301F-11D3-BF4B-00C04F79EFBC}") = "Sirenix.OdinInspector.CompatibilityLayer", "Sirenix.OdinInspector.CompatibilityLayer.csproj", "{9f5687e3-5f72-c8f5-517b-584709b7d5d8}"
EndProject
Project("{FAE04EC0-301F-11D3-BF4B-00C04F79EFBC}") = "IngameDebugConsole.Runtime", "IngameDebugConsole.Runtime.csproj", "{f33a4f4e-838d-b35c-ceb7-3f8a7ab9a9af}"
EndProject
Project("{FAE04EC0-301F-11D3-BF4B-00C04F79EFBC}") = "Assembly-CSharp-Editor-firstpass", "Assembly-CSharp-Editor-firstpass.csproj", "{c4d634f5-6833-2b03-289c-a943cc171719}"
EndProject
Project("{FAE04EC0-301F-11D3-BF4B-00C04F79EFBC}") = "Sirenix.OdinInspector.CompatibilityLayer.Editor", "Sirenix.OdinInspector.CompatibilityLayer.Editor.csproj", "{e0456168-1ba5-5e68-ef99-a1034c8b63ab}"
EndProject
Project("{FAE04EC0-301F-11D3-BF4B-00C04F79EFBC}") = "Unity.Editor", "Unity.Editor.csproj", "{041131cd-3018-19b1-81b6-5dbee2467ffb}"
EndProject
Project("{FAE04EC0-301F-11D3-BF4B-00C04F79EFBC}") = "IngameDebugConsole.Editor", "IngameDebugConsole.Editor.csproj", "{1a015f2f-ef4c-fc52-3777-906da4065b5e}"
EndProject
Project("{FAE04EC0-301F-11D3-BF4B-00C04F79EFBC}") = "XAsset.Editor", "XAsset.Editor.csproj", "{116e559a-e69d-884e-af00-61d57cb9a039}"
EndProject
Global
	GlobalSection(SolutionConfigurationPlatforms) = preSolution
		Debug|Any CPU = Debug|Any CPU
		Release|Any CPU = Release|Any CPU
	EndGlobalSection
	GlobalSection(ProjectConfigurationPlatforms) = postSolution
		{9498bfb4-d9f5-c441-13e3-3f26f7700e29}.Debug|Any CPU.ActiveCfg = Debug|Any CPU
		{9498bfb4-d9f5-c441-13e3-3f26f7700e29}.Debug|Any CPU.Build.0 = Debug|Any CPU
		{9498bfb4-d9f5-c441-13e3-3f26f7700e29}.Release|Any CPU.ActiveCfg = Release|Any CPU
		{9498bfb4-d9f5-c441-13e3-3f26f7700e29}.Release|Any CPU.Build.0 = Release|Any CPU
		{d2ad5be1-263a-9a30-ab0f-dc5b08044350}.Debug|Any CPU.ActiveCfg = Debug|Any CPU
		{d2ad5be1-263a-9a30-ab0f-dc5b08044350}.Debug|Any CPU.Build.0 = Debug|Any CPU
		{d2ad5be1-263a-9a30-ab0f-dc5b08044350}.Release|Any CPU.ActiveCfg = Release|Any CPU
		{d2ad5be1-263a-9a30-ab0f-dc5b08044350}.Release|Any CPU.Build.0 = Release|Any CPU
		{09b46226-3263-561e-d797-c9025c53bdd6}.Debug|Any CPU.ActiveCfg = Debug|Any CPU
		{09b46226-3263-561e-d797-c9025c53bdd6}.Debug|Any CPU.Build.0 = Debug|Any CPU
		{09b46226-3263-561e-d797-c9025c53bdd6}.Release|Any CPU.ActiveCfg = Release|Any CPU
		{09b46226-3263-561e-d797-c9025c53bdd6}.Release|Any CPU.Build.0 = Release|Any CPU
		{52f66610-896a-c4d1-9881-1a19df7ab80e}.Debug|Any CPU.ActiveCfg = Debug|Any CPU
		{52f66610-896a-c4d1-9881-1a19df7ab80e}.Debug|Any CPU.Build.0 = Debug|Any CPU
		{52f66610-896a-c4d1-9881-1a19df7ab80e}.Release|Any CPU.ActiveCfg = Release|Any CPU
		{52f66610-896a-c4d1-9881-1a19df7ab80e}.Release|Any CPU.Build.0 = Release|Any CPU
		{159e65f6-d363-1a6d-ec57-6db30da1b98f}.Debug|Any CPU.ActiveCfg = Debug|Any CPU
		{159e65f6-d363-1a6d-ec57-6db30da1b98f}.Debug|Any CPU.Build.0 = Debug|Any CPU
		{159e65f6-d363-1a6d-ec57-6db30da1b98f}.Release|Any CPU.ActiveCfg = Release|Any CPU
		{159e65f6-d363-1a6d-ec57-6db30da1b98f}.Release|Any CPU.Build.0 = Release|Any CPU
		{fb79c1d2-40c3-f61e-3d5c-f52409c3a8b0}.Debug|Any CPU.ActiveCfg = Debug|Any CPU
		{fb79c1d2-40c3-f61e-3d5c-f52409c3a8b0}.Debug|Any CPU.Build.0 = Debug|Any CPU
		{fb79c1d2-40c3-f61e-3d5c-f52409c3a8b0}.Release|Any CPU.ActiveCfg = Release|Any CPU
		{fb79c1d2-40c3-f61e-3d5c-f52409c3a8b0}.Release|Any CPU.Build.0 = Release|Any CPU
		{9f5687e3-5f72-c8f5-517b-584709b7d5d8}.Debug|Any CPU.ActiveCfg = Debug|Any CPU
		{9f5687e3-5f72-c8f5-517b-584709b7d5d8}.Debug|Any CPU.Build.0 = Debug|Any CPU
		{9f5687e3-5f72-c8f5-517b-584709b7d5d8}.Release|Any CPU.ActiveCfg = Release|Any CPU
		{9f5687e3-5f72-c8f5-517b-584709b7d5d8}.Release|Any CPU.Build.0 = Release|Any CPU
		{f33a4f4e-838d-b35c-ceb7-3f8a7ab9a9af}.Debug|Any CPU.ActiveCfg = Debug|Any CPU
		{f33a4f4e-838d-b35c-ceb7-3f8a7ab9a9af}.Debug|Any CPU.Build.0 = Debug|Any CPU
		{f33a4f4e-838d-b35c-ceb7-3f8a7ab9a9af}.Release|Any CPU.ActiveCfg = Release|Any CPU
		{f33a4f4e-838d-b35c-ceb7-3f8a7ab9a9af}.Release|Any CPU.Build.0 = Release|Any CPU
		{c4d634f5-6833-2b03-289c-a943cc171719}.Debug|Any CPU.ActiveCfg = Debug|Any CPU
		{c4d634f5-6833-2b03-289c-a943cc171719}.Debug|Any CPU.Build.0 = Debug|Any CPU
		{c4d634f5-6833-2b03-289c-a943cc171719}.Release|Any CPU.ActiveCfg = Release|Any CPU
		{c4d634f5-6833-2b03-289c-a943cc171719}.Release|Any CPU.Build.0 = Release|Any CPU
		{e0456168-1ba5-5e68-ef99-a1034c8b63ab}.Debug|Any CPU.ActiveCfg = Debug|Any CPU
		{e0456168-1ba5-5e68-ef99-a1034c8b63ab}.Debug|Any CPU.Build.0 = Debug|Any CPU
		{e0456168-1ba5-5e68-ef99-a1034c8b63ab}.Release|Any CPU.ActiveCfg = Release|Any CPU
		{e0456168-1ba5-5e68-ef99-a1034c8b63ab}.Release|Any CPU.Build.0 = Release|Any CPU
		{041131cd-3018-19b1-81b6-5dbee2467ffb}.Debug|Any CPU.ActiveCfg = Debug|Any CPU
		{041131cd-3018-19b1-81b6-5dbee2467ffb}.Debug|Any CPU.Build.0 = Debug|Any CPU
		{041131cd-3018-19b1-81b6-5dbee2467ffb}.Release|Any CPU.ActiveCfg = Release|Any CPU
		{041131cd-3018-19b1-81b6-5dbee2467ffb}.Release|Any CPU.Build.0 = Release|Any CPU
		{1a015f2f-ef4c-fc52-3777-906da4065b5e}.Debug|Any CPU.ActiveCfg = Debug|Any CPU
		{1a015f2f-ef4c-fc52-3777-906da4065b5e}.Debug|Any CPU.Build.0 = Debug|Any CPU
		{1a015f2f-ef4c-fc52-3777-906da4065b5e}.Release|Any CPU.ActiveCfg = Release|Any CPU
		{1a015f2f-ef4c-fc52-3777-906da4065b5e}.Release|Any CPU.Build.0 = Release|Any CPU
		{116e559a-e69d-884e-af00-61d57cb9a039}.Debug|Any CPU.ActiveCfg = Debug|Any CPU
		{116e559a-e69d-884e-af00-61d57cb9a039}.Debug|Any CPU.Build.0 = Debug|Any CPU
		{116e559a-e69d-884e-af00-61d57cb9a039}.Release|Any CPU.ActiveCfg = Release|Any CPU
		{116e559a-e69d-884e-af00-61d57cb9a039}.Release|Any CPU.Build.0 = Release|Any CPU
	EndGlobalSection
	GlobalSection(SolutionProperties) = preSolution
		HideSolutionNode = FALSE
	EndGlobalSection
EndGlobal
